
Microsoft Visual Studio Solution File, Format Version 12.00
# Visual Studio Version 17
VisualStudioVersion = 17.0.31903.59
MinimumVisualStudioVersion = 10.0.40219.1
Project("{2150E333-8FDC-42A3-9474-1A3956D46DE8}") = "src", "src", "{827E0CD3-B72D-47B6-A68D-7590B98EB39B}"
EndProject
Project("{FAE04EC0-301F-11D3-BF4B-00C04F79EFBC}") = "ZaloAi.Ai", "src\ZaloAi.Ai\ZaloAi.Ai.csproj", "{42362B47-6CC6-4AF8-AA33-BF7E606519B5}"
EndProject
Project("{FAE04EC0-301F-11D3-BF4B-00C04F79EFBC}") = "ZaloAi.Core", "src\ZaloAi.Core\ZaloAi.Core.csproj", "{4D9D642A-EFE9-4EF5-B582-D6A1A09C0A74}"
EndProject
Project("{FAE04EC0-301F-11D3-BF4B-00C04F79EFBC}") = "ZaloAi.Api", "src\ZaloAi.Api\ZaloAi.Api.csproj", "{D18B3E39-F3AF-4AF9-AB2E-B93B36D38A2A}"
EndProject
Project("{FAE04EC0-301F-11D3-BF4B-00C04F79EFBC}") = "ZaloAi.Infrastructure", "src\ZaloAi.Infrastructure\ZaloAi.Infrastructure.csproj", "{05CE32BA-1E49-4BBD-AB8F-C5A45FE8EE23}"
EndProject
Project("{FAE04EC0-301F-11D3-BF4B-00C04F79EFBC}") = "ZaloAi.Channels", "src\ZaloAi.Channels\ZaloAi.Channels.csproj", "{2CD38EFB-089F-4C80-A00D-E694696BD6DC}"
EndProject
Project("{FAE04EC0-301F-11D3-BF4B-00C04F79EFBC}") = "ZaloAi.IndustryTemplates", "src\ZaloAi.IndustryTemplates\ZaloAi.IndustryTemplates.csproj", "{B34CC3CE-9BC7-4860-B593-E1D10DFABEB3}"
EndProject
Project("{FAE04EC0-301F-11D3-BF4B-00C04F79EFBC}") = "ZaloAi.Worker", "src\ZaloAi.Worker\ZaloAi.Worker.csproj", "{083687E9-4F87-4A69-B139-99AC3F252035}"
EndProject
Project("{2150E333-8FDC-42A3-9474-1A3956D46DE8}") = "tests", "tests", "{0AB3BF05-4346-4AA6-1389-037BE0695223}"
EndProject
Project("{FAE04EC0-301F-11D3-BF4B-00C04F79EFBC}") = "ZaloAi.IntegrationTests", "tests\ZaloAi.IntegrationTests\ZaloAi.IntegrationTests.csproj", "{4D049C9A-F682-40F0-AEAA-104845EB499B}"
EndProject
Project("{FAE04EC0-301F-11D3-BF4B-00C04F79EFBC}") = "ZaloAi.UnitTests", "tests\ZaloAi.UnitTests\ZaloAi.UnitTests.csproj", "{A8B6E40A-AF06-46B9-84E2-CCC5B9032237}"
EndProject
Global
	GlobalSection(SolutionConfigurationPlatforms) = preSolution
		Debug|Any CPU = Debug|Any CPU
		Debug|x64 = Debug|x64
		Debug|x86 = Debug|x86
		Release|Any CPU = Release|Any CPU
		Release|x64 = Release|x64
		Release|x86 = Release|x86
	EndGlobalSection
	GlobalSection(ProjectConfigurationPlatforms) = postSolution
		{42362B47-6CC6-4AF8-AA33-BF7E606519B5}.Debug|Any CPU.ActiveCfg = Debug|Any CPU
		{42362B47-6CC6-4AF8-AA33-BF7E606519B5}.Debug|Any CPU.Build.0 = Debug|Any CPU
		{42362B47-6CC6-4AF8-AA33-BF7E606519B5}.Debug|x64.ActiveCfg = Debug|Any CPU
		{42362B47-6CC6-4AF8-AA33-BF7E606519B5}.Debug|x64.Build.0 = Debug|Any CPU
		{42362B47-6CC6-4AF8-AA33-BF7E606519B5}.Debug|x86.ActiveCfg = Debug|Any CPU
		{42362B47-6CC6-4AF8-AA33-BF7E606519B5}.Debug|x86.Build.0 = Debug|Any CPU
		{42362B47-6CC6-4AF8-AA33-BF7E606519B5}.Release|Any CPU.ActiveCfg = Release|Any CPU
		{42362B47-6CC6-4AF8-AA33-BF7E606519B5}.Release|Any CPU.Build.0 = Release|Any CPU
		{42362B47-6CC6-4AF8-AA33-BF7E606519B5}.Release|x64.ActiveCfg = Release|Any CPU
		{42362B47-6CC6-4AF8-AA33-BF7E606519B5}.Release|x64.Build.0 = Release|Any CPU
		{42362B47-6CC6-4AF8-AA33-BF7E606519B5}.Release|x86.ActiveCfg = Release|Any CPU
		{42362B47-6CC6-4AF8-AA33-BF7E606519B5}.Release|x86.Build.0 = Release|Any CPU
		{4D9D642A-EFE9-4EF5-B582-D6A1A09C0A74}.Debug|Any CPU.ActiveCfg = Debug|Any CPU
		{4D9D642A-EFE9-4EF5-B582-D6A1A09C0A74}.Debug|Any CPU.Build.0 = Debug|Any CPU
		{4D9D642A-EFE9-4EF5-B582-D6A1A09C0A74}.Debug|x64.ActiveCfg = Debug|Any CPU
		{4D9D642A-EFE9-4EF5-B582-D6A1A09C0A74}.Debug|x64.Build.0 = Debug|Any CPU
		{4D9D642A-EFE9-4EF5-B582-D6A1A09C0A74}.Debug|x86.ActiveCfg = Debug|Any CPU
		{4D9D642A-EFE9-4EF5-B582-D6A1A09C0A74}.Debug|x86.Build.0 = Debug|Any CPU
		{4D9D642A-EFE9-4EF5-B582-D6A1A09C0A74}.Release|Any CPU.ActiveCfg = Release|Any CPU
		{4D9D642A-EFE9-4EF5-B582-D6A1A09C0A74}.Release|Any CPU.Build.0 = Release|Any CPU
		{4D9D642A-EFE9-4EF5-B582-D6A1A09C0A74}.Release|x64.ActiveCfg = Release|Any CPU
		{4D9D642A-EFE9-4EF5-B582-D6A1A09C0A74}.Release|x64.Build.0 = Release|Any CPU
		{4D9D642A-EFE9-4EF5-B582-D6A1A09C0A74}.Release|x86.ActiveCfg = Release|Any CPU
		{4D9D642A-EFE9-4EF5-B582-D6A1A09C0A74}.Release|x86.Build.0 = Release|Any CPU
		{D18B3E39-F3AF-4AF9-AB2E-B93B36D38A2A}.Debug|Any CPU.ActiveCfg = Debug|Any CPU
		{D18B3E39-F3AF-4AF9-AB2E-B93B36D38A2A}.Debug|Any CPU.Build.0 = Debug|Any CPU
		{D18B3E39-F3AF-4AF9-AB2E-B93B36D38A2A}.Debug|x64.ActiveCfg = Debug|Any CPU
		{D18B3E39-F3AF-4AF9-AB2E-B93B36D38A2A}.Debug|x64.Build.0 = Debug|Any CPU
		{D18B3E39-F3AF-4AF9-AB2E-B93B36D38A2A}.Debug|x86.ActiveCfg = Debug|Any CPU
		{D18B3E39-F3AF-4AF9-AB2E-B93B36D38A2A}.Debug|x86.Build.0 = Debug|Any CPU
		{D18B3E39-F3AF-4AF9-AB2E-B93B36D38A2A}.Release|Any CPU.ActiveCfg = Release|Any CPU
		{D18B3E39-F3AF-4AF9-AB2E-B93B36D38A2A}.Release|Any CPU.Build.0 = Release|Any CPU
		{D18B3E39-F3AF-4AF9-AB2E-B93B36D38A2A}.Release|x64.ActiveCfg = Release|Any CPU
		{D18B3E39-F3AF-4AF9-AB2E-B93B36D38A2A}.Release|x64.Build.0 = Release|Any CPU
		{D18B3E39-F3AF-4AF9-AB2E-B93B36D38A2A}.Release|x86.ActiveCfg = Release|Any CPU
		{D18B3E39-F3AF-4AF9-AB2E-B93B36D38A2A}.Release|x86.Build.0 = Release|Any CPU
		{05CE32BA-1E49-4BBD-AB8F-C5A45FE8EE23}.Debug|Any CPU.ActiveCfg = Debug|Any CPU
		{05CE32BA-1E49-4BBD-AB8F-C5A45FE8EE23}.Debug|Any CPU.Build.0 = Debug|Any CPU
		{05CE32BA-1E49-4BBD-AB8F-C5A45FE8EE23}.Debug|x64.ActiveCfg = Debug|Any CPU
		{05CE32BA-1E49-4BBD-AB8F-C5A45FE8EE23}.Debug|x64.Build.0 = Debug|Any CPU
		{05CE32BA-1E49-4BBD-AB8F-C5A45FE8EE23}.Debug|x86.ActiveCfg = Debug|Any CPU
		{05CE32BA-1E49-4BBD-AB8F-C5A45FE8EE23}.Debug|x86.Build.0 = Debug|Any CPU
		{05CE32BA-1E49-4BBD-AB8F-C5A45FE8EE23}.Release|Any CPU.ActiveCfg = Release|Any CPU
		{05CE32BA-1E49-4BBD-AB8F-C5A45FE8EE23}.Release|Any CPU.Build.0 = Release|Any CPU
		{05CE32BA-1E49-4BBD-AB8F-C5A45FE8EE23}.Release|x64.ActiveCfg = Release|Any CPU
		{05CE32BA-1E49-4BBD-AB8F-C5A45FE8EE23}.Release|x64.Build.0 = Release|Any CPU
		{05CE32BA-1E49-4BBD-AB8F-C5A45FE8EE23}.Release|x86.ActiveCfg = Release|Any CPU
		{05CE32BA-1E49-4BBD-AB8F-C5A45FE8EE23}.Release|x86.Build.0 = Release|Any CPU
		{2CD38EFB-089F-4C80-A00D-E694696BD6DC}.Debug|Any CPU.ActiveCfg = Debug|Any CPU
		{2CD38EFB-089F-4C80-A00D-E694696BD6DC}.Debug|Any CPU.Build.0 = Debug|Any CPU
		{2CD38EFB-089F-4C80-A00D-E694696BD6DC}.Debug|x64.ActiveCfg = Debug|Any CPU
		{2CD38EFB-089F-4C80-A00D-E694696BD6DC}.Debug|x64.Build.0 = Debug|Any CPU
		{2CD38EFB-089F-4C80-A00D-E694696BD6DC}.Debug|x86.ActiveCfg = Debug|Any CPU
		{2CD38EFB-089F-4C80-A00D-E694696BD6DC}.Debug|x86.Build.0 = Debug|Any CPU
		{2CD38EFB-089F-4C80-A00D-E694696BD6DC}.Release|Any CPU.ActiveCfg = Release|Any CPU
		{2CD38EFB-089F-4C80-A00D-E694696BD6DC}.Release|Any CPU.Build.0 = Release|Any CPU
		{2CD38EFB-089F-4C80-A00D-E694696BD6DC}.Release|x64.ActiveCfg = Release|Any CPU
		{2CD38EFB-089F-4C80-A00D-E694696BD6DC}.Release|x64.Build.0 = Release|Any CPU
		{2CD38EFB-089F-4C80-A00D-E694696BD6DC}.Release|x86.ActiveCfg = Release|Any CPU
		{2CD38EFB-089F-4C80-A00D-E694696BD6DC}.Release|x86.Build.0 = Release|Any CPU
		{B34CC3CE-9BC7-4860-B593-E1D10DFABEB3}.Debug|Any CPU.ActiveCfg = Debug|Any CPU
		{B34CC3CE-9BC7-4860-B593-E1D10DFABEB3}.Debug|Any CPU.Build.0 = Debug|Any CPU
		{B34CC3CE-9BC7-4860-B593-E1D10DFABEB3}.Debug|x64.ActiveCfg = Debug|Any CPU
		{B34CC3CE-9BC7-4860-B593-E1D10DFABEB3}.Debug|x64.Build.0 = Debug|Any CPU
		{B34CC3CE-9BC7-4860-B593-E1D10DFABEB3}.Debug|x86.ActiveCfg = Debug|Any CPU
		{B34CC3CE-9BC7-4860-B593-E1D10DFABEB3}.Debug|x86.Build.0 = Debug|Any CPU
		{B34CC3CE-9BC7-4860-B593-E1D10DFABEB3}.Release|Any CPU.ActiveCfg = Release|Any CPU
		{B34CC3CE-9BC7-4860-B593-E1D10DFABEB3}.Release|Any CPU.Build.0 = Release|Any CPU
		{B34CC3CE-9BC7-4860-B593-E1D10DFABEB3}.Release|x64.ActiveCfg = Release|Any CPU
		{B34CC3CE-9BC7-4860-B593-E1D10DFABEB3}.Release|x64.Build.0 = Release|Any CPU
		{B34CC3CE-9BC7-4860-B593-E1D10DFABEB3}.Release|x86.ActiveCfg = Release|Any CPU
		{B34CC3CE-9BC7-4860-B593-E1D10DFABEB3}.Release|x86.Build.0 = Release|Any CPU
		{083687E9-4F87-4A69-B139-99AC3F252035}.Debug|Any CPU.ActiveCfg = Debug|Any CPU
		{083687E9-4F87-4A69-B139-99AC3F252035}.Debug|Any CPU.Build.0 = Debug|Any CPU
		{083687E9-4F87-4A69-B139-99AC3F252035}.Debug|x64.ActiveCfg = Debug|Any CPU
		{083687E9-4F87-4A69-B139-99AC3F252035}.Debug|x64.Build.0 = Debug|Any CPU
		{083687E9-4F87-4A69-B139-99AC3F252035}.Debug|x86.ActiveCfg = Debug|Any CPU
		{083687E9-4F87-4A69-B139-99AC3F252035}.Debug|x86.Build.0 = Debug|Any CPU
		{083687E9-4F87-4A69-B139-99AC3F252035}.Release|Any CPU.ActiveCfg = Release|Any CPU
		{083687E9-4F87-4A69-B139-99AC3F252035}.Release|Any CPU.Build.0 = Release|Any CPU
		{083687E9-4F87-4A69-B139-99AC3F252035}.Release|x64.ActiveCfg = Release|Any CPU
		{083687E9-4F87-4A69-B139-99AC3F252035}.Release|x64.Build.0 = Release|Any CPU
		{083687E9-4F87-4A69-B139-99AC3F252035}.Release|x86.ActiveCfg = Release|Any CPU
		{083687E9-4F87-4A69-B139-99AC3F252035}.Release|x86.Build.0 = Release|Any CPU
		{4D049C9A-F682-40F0-AEAA-104845EB499B}.Debug|Any CPU.ActiveCfg = Debug|Any CPU
		{4D049C9A-F682-40F0-AEAA-104845EB499B}.Debug|Any CPU.Build.0 = Debug|Any CPU
		{4D049C9A-F682-40F0-AEAA-104845EB499B}.Debug|x64.ActiveCfg = Debug|Any CPU
		{4D049C9A-F682-40F0-AEAA-104845EB499B}.Debug|x64.Build.0 = Debug|Any CPU
		{4D049C9A-F682-40F0-AEAA-104845EB499B}.Debug|x86.ActiveCfg = Debug|Any CPU
		{4D049C9A-F682-40F0-AEAA-104845EB499B}.Debug|x86.Build.0 = Debug|Any CPU
		{4D049C9A-F682-40F0-AEAA-104845EB499B}.Release|Any CPU.ActiveCfg = Release|Any CPU
		{4D049C9A-F682-40F0-AEAA-104845EB499B}.Release|Any CPU.Build.0 = Release|Any CPU
		{4D049C9A-F682-40F0-AEAA-104845EB499B}.Release|x64.ActiveCfg = Release|Any CPU
		{4D049C9A-F682-40F0-AEAA-104845EB499B}.Release|x64.Build.0 = Release|Any CPU
		{4D049C9A-F682-40F0-AEAA-104845EB499B}.Release|x86.ActiveCfg = Release|Any CPU
		{4D049C9A-F682-40F0-AEAA-104845EB499B}.Release|x86.Build.0 = Release|Any CPU
		{A8B6E40A-AF06-46B9-84E2-CCC5B9032237}.Debug|Any CPU.ActiveCfg = Debug|Any CPU
		{A8B6E40A-AF06-46B9-84E2-CCC5B9032237}.Debug|Any CPU.Build.0 = Debug|Any CPU
		{A8B6E40A-AF06-46B9-84E2-CCC5B9032237}.Debug|x64.ActiveCfg = Debug|Any CPU
		{A8B6E40A-AF06-46B9-84E2-CCC5B9032237}.Debug|x64.Build.0 = Debug|Any CPU
		{A8B6E40A-AF06-46B9-84E2-CCC5B9032237}.Debug|x86.ActiveCfg = Debug|Any CPU
		{A8B6E40A-AF06-46B9-84E2-CCC5B9032237}.Debug|x86.Build.0 = Debug|Any CPU
		{A8B6E40A-AF06-46B9-84E2-CCC5B9032237}.Release|Any CPU.ActiveCfg = Release|Any CPU
		{A8B6E40A-AF06-46B9-84E2-CCC5B9032237}.Release|Any CPU.Build.0 = Release|Any CPU
		{A8B6E40A-AF06-46B9-84E2-CCC5B9032237}.Release|x64.ActiveCfg = Release|Any CPU
		{A8B6E40A-AF06-46B9-84E2-CCC5B9032237}.Release|x64.Build.0 = Release|Any CPU
		{A8B6E40A-AF06-46B9-84E2-CCC5B9032237}.Release|x86.ActiveCfg = Release|Any CPU
		{A8B6E40A-AF06-46B9-84E2-CCC5B9032237}.Release|x86.Build.0 = Release|Any CPU
	EndGlobalSection
	GlobalSection(SolutionProperties) = preSolution
		HideSolutionNode = FALSE
	EndGlobalSection
	GlobalSection(NestedProjects) = preSolution
		{42362B47-6CC6-4AF8-AA33-BF7E606519B5} = {827E0CD3-B72D-47B6-A68D-7590B98EB39B}
		{4D9D642A-EFE9-4EF5-B582-D6A1A09C0A74} = {827E0CD3-B72D-47B6-A68D-7590B98EB39B}
		{D18B3E39-F3AF-4AF9-AB2E-B93B36D38A2A} = {827E0CD3-B72D-47B6-A68D-7590B98EB39B}
		{05CE32BA-1E49-4BBD-AB8F-C5A45FE8EE23} = {827E0CD3-B72D-47B6-A68D-7590B98EB39B}
		{2CD38EFB-089F-4C80-A00D-E694696BD6DC} = {827E0CD3-B72D-47B6-A68D-7590B98EB39B}
		{B34CC3CE-9BC7-4860-B593-E1D10DFABEB3} = {827E0CD3-B72D-47B6-A68D-7590B98EB39B}
		{083687E9-4F87-4A69-B139-99AC3F252035} = {827E0CD3-B72D-47B6-A68D-7590B98EB39B}
		{4D049C9A-F682-40F0-AEAA-104845EB499B} = {0AB3BF05-4346-4AA6-1389-037BE0695223}
		{A8B6E40A-AF06-46B9-84E2-CCC5B9032237} = {0AB3BF05-4346-4AA6-1389-037BE0695223}
	EndGlobalSection
EndGlobal
